
Microsoft Visual Studio Solution File, Format Version 12.00
# Visual Studio Version 17
VisualStudioVersion = 17.9.34622.214
MinimumVisualStudioVersion = 10.0.40219.1
Project("{FAE04EC0-301F-11D3-BF4B-00C04F79EFBC}") = "Windows_homework1", "Windows_homework1.csproj", "{DB8EE1EB-7E68-41CF-9A54-83F8669782A4}"
EndProject
Global
	GlobalSection(SolutionConfigurationPlatforms) = preSolution
		Debug|Any CPU = Debug|Any CPU
		Release|Any CPU = Release|Any CPU
	EndGlobalSection
	GlobalSection(ProjectConfigurationPlatforms) = postSolution
		{DB8EE1EB-7E68-41CF-9A54-83F8669782A4}.Debug|Any CPU.ActiveCfg = Debug|Any CPU
		{DB8EE1EB-7E68-41CF-9A54-83F8669782A4}.Debug|Any CPU.Build.0 = Debug|Any CPU
		{DB8EE1EB-7E68-41CF-9A54-83F8669782A4}.Release|Any CPU.ActiveCfg = Release|Any CPU
		{DB8EE1EB-7E68-41CF-9A54-83F8669782A4}.Release|Any CPU.Build.0 = Release|Any CPU
	EndGlobalSection
	GlobalSection(SolutionProperties) = preSolution
		HideSolutionNode = FALSE
	EndGlobalSection
	GlobalSection(ExtensibilityGlobals) = postSolution
		SolutionGuid = {5887314E-721B-48C0-A745-DB9915203DBC}
	EndGlobalSection
EndGlobal
